{
    "version": 3,
    "terraform_version": "0.11.13",
    "serial": 6,
    "lineage": "9a8a9fab-0a1c-da97-350c-593c35a847c5",
    "modules": [
        {
            "path": [
                "root"
            ],
            "outputs": {},
            "resources": {
                "azurerm_network_interface.main": {
                    "type": "azurerm_network_interface",
                    "depends_on": [
                        "azurerm_network_security_group.test2",
                        "azurerm_public_ip.myterraformpublicip",
                        "azurerm_resource_group.main",
                        "azurerm_subnet.internal"
                    ],
                    "primary": {
                        "id": "/subscriptions/05ec1026-b7a2-4fdf-8bfc-0c93d5ba7db6/resourceGroups/ansible-resources/providers/Microsoft.Network/networkInterfaces/ansible-nic",
                        "attributes": {
                            "applied_dns_servers.#": "0",
                            "dns_servers.#": "0",
                            "enable_accelerated_networking": "false",
                            "enable_ip_forwarding": "false",
                            "id": "/subscriptions/05ec1026-b7a2-4fdf-8bfc-0c93d5ba7db6/resourceGroups/ansible-resources/providers/Microsoft.Network/networkInterfaces/ansible-nic",
                            "internal_dns_name_label": "",
                            "internal_fqdn": "",
                            "ip_configuration.#": "1",
                            "ip_configuration.0.application_gateway_backend_address_pools_ids.#": "0",
                            "ip_configuration.0.application_security_group_ids.#": "0",
                            "ip_configuration.0.load_balancer_backend_address_pools_ids.#": "0",
                            "ip_configuration.0.load_balancer_inbound_nat_rules_ids.#": "0",
                            "ip_configuration.0.name": "testconfiguration1",
                            "ip_configuration.0.primary": "true",
                            "ip_configuration.0.private_ip_address": "",
                            "ip_configuration.0.private_ip_address_allocation": "dynamic",
                            "ip_configuration.0.private_ip_address_version": "IPv4",
                            "ip_configuration.0.public_ip_address_id": "/subscriptions/05ec1026-b7a2-4fdf-8bfc-0c93d5ba7db6/resourceGroups/ansible-resources/providers/Microsoft.Network/publicIPAddresses/myPublicIP2",
                            "ip_configuration.0.subnet_id": "/subscriptions/05ec1026-b7a2-4fdf-8bfc-0c93d5ba7db6/resourceGroups/ansible-resources/providers/Microsoft.Network/virtualNetworks/ansible-network/subnets/internal",
                            "location": "westus2",
                            "mac_address": "",
                            "name": "ansible-nic",
                            "network_security_group_id": "/subscriptions/05ec1026-b7a2-4fdf-8bfc-0c93d5ba7db6/resourceGroups/ansible-resources/providers/Microsoft.Network/networkSecurityGroups/acceptanceTestSecurityGroup",
                            "private_ip_address": "10.0.2.4",
                            "private_ip_addresses.#": "1",
                            "private_ip_addresses.0": "10.0.2.4",
                            "resource_group_name": "ansible-resources",
                            "tags.%": "0"
                        },
                        "meta": {},
                        "tainted": false
                    },
                    "deposed": [],
                    "provider": "provider.azurerm"
                },
                "azurerm_network_security_group.test": {
                    "type": "azurerm_network_security_group",
                    "depends_on": [
                        "azurerm_resource_group.main"
                    ],
                    "primary": {
                        "id": "/subscriptions/05ec1026-b7a2-4fdf-8bfc-0c93d5ba7db6/resourceGroups/ansible-resources/providers/Microsoft.Network/networkSecurityGroups/acceptanceTestSecurityGroup1",
                        "attributes": {
                            "id": "/subscriptions/05ec1026-b7a2-4fdf-8bfc-0c93d5ba7db6/resourceGroups/ansible-resources/providers/Microsoft.Network/networkSecurityGroups/acceptanceTestSecurityGroup1",
                            "location": "westus2",
                            "name": "acceptanceTestSecurityGroup1",
                            "resource_group_name": "ansible-resources",
                            "security_rule.#": "0",
                            "tags.%": "0"
                        },
                        "meta": {},
                        "tainted": false
                    },
                    "deposed": [],
                    "provider": "provider.azurerm"
                },
                "azurerm_network_security_group.test2": {
                    "type": "azurerm_network_security_group",
                    "depends_on": [
                        "azurerm_resource_group.main"
                    ],
                    "primary": {
                        "id": "/subscriptions/05ec1026-b7a2-4fdf-8bfc-0c93d5ba7db6/resourceGroups/ansible-resources/providers/Microsoft.Network/networkSecurityGroups/acceptanceTestSecurityGroup",
                        "attributes": {
                            "id": "/subscriptions/05ec1026-b7a2-4fdf-8bfc-0c93d5ba7db6/resourceGroups/ansible-resources/providers/Microsoft.Network/networkSecurityGroups/acceptanceTestSecurityGroup",
                            "location": "westus2",
                            "name": "acceptanceTestSecurityGroup",
                            "resource_group_name": "ansible-resources",
                            "security_rule.#": "0",
                            "tags.%": "0"
                        },
                        "meta": {},
                        "tainted": false
                    },
                    "deposed": [],
                    "provider": "provider.azurerm"
                },
                "azurerm_network_security_rule.inbound": {
                    "type": "azurerm_network_security_rule",
                    "depends_on": [
                        "azurerm_network_security_group.test2",
                        "azurerm_resource_group.main"
                    ],
                    "primary": {
                        "id": "/subscriptions/05ec1026-b7a2-4fdf-8bfc-0c93d5ba7db6/resourceGroups/ansible-resources/providers/Microsoft.Network/networkSecurityGroups/acceptanceTestSecurityGroup/securityRules/tcpport",
                        "attributes": {
                            "access": "Allow",
                            "description": "",
                            "destination_address_prefix": "*",
                            "destination_address_prefixes.#": "0",
                            "destination_application_security_group_ids.#": "0",
                            "destination_port_range": "*",
                            "destination_port_ranges.#": "0",
                            "direction": "Inbound",
                            "id": "/subscriptions/05ec1026-b7a2-4fdf-8bfc-0c93d5ba7db6/resourceGroups/ansible-resources/providers/Microsoft.Network/networkSecurityGroups/acceptanceTestSecurityGroup/securityRules/tcpport",
                            "name": "tcpport",
                            "network_security_group_name": "acceptanceTestSecurityGroup",
                            "priority": "100",
                            "protocol": "Tcp",
                            "resource_group_name": "ansible-resources",
                            "source_address_prefix": "*",
                            "source_address_prefixes.#": "0",
                            "source_application_security_group_ids.#": "0",
                            "source_port_range": "*",
                            "source_port_ranges.#": "0"
                        },
                        "meta": {},
                        "tainted": false
                    },
                    "deposed": [],
                    "provider": "provider.azurerm"
                },
                "azurerm_network_security_rule.outboundinbound": {
                    "type": "azurerm_network_security_rule",
                    "depends_on": [
                        "azurerm_network_security_group.test",
                        "azurerm_resource_group.main"
                    ],
                    "primary": {
                        "id": "/subscriptions/05ec1026-b7a2-4fdf-8bfc-0c93d5ba7db6/resourceGroups/ansible-resources/providers/Microsoft.Network/networkSecurityGroups/acceptanceTestSecurityGroup1/securityRules/tcpport1",
                        "attributes": {
                            "access": "Allow",
                            "description": "",
                            "destination_address_prefix": "*",
                            "destination_address_prefixes.#": "0",
                            "destination_application_security_group_ids.#": "0",
                            "destination_port_range": "*",
                            "destination_port_ranges.#": "0",
                            "direction": "Outbound",
                            "id": "/subscriptions/05ec1026-b7a2-4fdf-8bfc-0c93d5ba7db6/resourceGroups/ansible-resources/providers/Microsoft.Network/networkSecurityGroups/acceptanceTestSecurityGroup1/securityRules/tcpport1",
                            "name": "tcpport1",
                            "network_security_group_name": "acceptanceTestSecurityGroup1",
                            "priority": "110",
                            "protocol": "Tcp",
                            "resource_group_name": "ansible-resources",
                            "source_address_prefix": "*",
                            "source_address_prefixes.#": "0",
                            "source_application_security_group_ids.#": "0",
                            "source_port_range": "*",
                            "source_port_ranges.#": "0"
                        },
                        "meta": {},
                        "tainted": false
                    },
                    "deposed": [],
                    "provider": "provider.azurerm"
                },
                "azurerm_public_ip.myterraformpublicip": {
                    "type": "azurerm_public_ip",
                    "depends_on": [
                        "azurerm_resource_group.main"
                    ],
                    "primary": {
                        "id": "/subscriptions/05ec1026-b7a2-4fdf-8bfc-0c93d5ba7db6/resourceGroups/ansible-resources/providers/Microsoft.Network/publicIPAddresses/myPublicIP2",
                        "attributes": {
                            "allocation_method": "Dynamic",
                            "id": "/subscriptions/05ec1026-b7a2-4fdf-8bfc-0c93d5ba7db6/resourceGroups/ansible-resources/providers/Microsoft.Network/publicIPAddresses/myPublicIP2",
                            "idle_timeout_in_minutes": "4",
                            "ip_address": "",
                            "ip_version": "IPv4",
                            "location": "westus2",
                            "name": "myPublicIP2",
                            "public_ip_address_allocation": "Dynamic",
                            "resource_group_name": "ansible-resources",
                            "sku": "Basic",
                            "tags.%": "1",
                            "tags.environment": "dev",
                            "zones.#": "0"
                        },
                        "meta": {},
                        "tainted": false
                    },
                    "deposed": [],
                    "provider": "provider.azurerm"
                },
                "azurerm_resource_group.main": {
                    "type": "azurerm_resource_group",
                    "depends_on": [],
                    "primary": {
                        "id": "/subscriptions/05ec1026-b7a2-4fdf-8bfc-0c93d5ba7db6/resourceGroups/ansible-resources",
                        "attributes": {
                            "id": "/subscriptions/05ec1026-b7a2-4fdf-8bfc-0c93d5ba7db6/resourceGroups/ansible-resources",
                            "location": "westus2",
                            "name": "ansible-resources",
                            "tags.%": "0"
                        },
                        "meta": {},
                        "tainted": false
                    },
                    "deposed": [],
                    "provider": "provider.azurerm"
                },
                "azurerm_subnet.internal": {
                    "type": "azurerm_subnet",
                    "depends_on": [
                        "azurerm_resource_group.main",
                        "azurerm_virtual_network.main"
                    ],
                    "primary": {
                        "id": "/subscriptions/05ec1026-b7a2-4fdf-8bfc-0c93d5ba7db6/resourceGroups/ansible-resources/providers/Microsoft.Network/virtualNetworks/ansible-network/subnets/internal",
                        "attributes": {
                            "address_prefix": "10.0.2.0/24",
                            "delegation.#": "0",
                            "id": "/subscriptions/05ec1026-b7a2-4fdf-8bfc-0c93d5ba7db6/resourceGroups/ansible-resources/providers/Microsoft.Network/virtualNetworks/ansible-network/subnets/internal",
                            "ip_configurations.#": "0",
                            "name": "internal",
                            "network_security_group_id": "",
                            "resource_group_name": "ansible-resources",
                            "route_table_id": "",
                            "service_endpoints.#": "0",
                            "virtual_network_name": "ansible-network"
                        },
                        "meta": {},
                        "tainted": false
                    },
                    "deposed": [],
                    "provider": "provider.azurerm"
                },
                "azurerm_virtual_machine.main": {
                    "type": "azurerm_virtual_machine",
                    "depends_on": [
                        "azurerm_network_interface.main",
                        "azurerm_resource_group.main"
                    ],
                    "primary": {
                        "id": "/subscriptions/05ec1026-b7a2-4fdf-8bfc-0c93d5ba7db6/resourceGroups/ansible-resources/providers/Microsoft.Compute/virtualMachines/ansible-vm",
                        "attributes": {
                            "delete_data_disks_on_termination": "true",
                            "delete_os_disk_on_termination": "true",
                            "id": "/subscriptions/05ec1026-b7a2-4fdf-8bfc-0c93d5ba7db6/resourceGroups/ansible-resources/providers/Microsoft.Compute/virtualMachines/ansible-vm",
                            "identity.#": "0",
                            "location": "westus2",
                            "name": "ansible-vm",
                            "network_interface_ids.#": "1",
                            "network_interface_ids.0": "/subscriptions/05ec1026-b7a2-4fdf-8bfc-0c93d5ba7db6/resourceGroups/ansible-resources/providers/Microsoft.Network/networkInterfaces/ansible-nic",
                            "os_profile.#": "1",
                            "os_profile.822001872.admin_password": "",
                            "os_profile.822001872.admin_username": "ubuntu",
                            "os_profile.822001872.computer_name": "hostname",
                            "os_profile.822001872.custom_data": "",
                            "os_profile_linux_config.#": "1",
                            "os_profile_linux_config.2972667452.disable_password_authentication": "false",
                            "os_profile_linux_config.2972667452.ssh_keys.#": "0",
                            "os_profile_secrets.#": "0",
                            "os_profile_windows_config.#": "0",
                            "plan.#": "0",
                            "resource_group_name": "ansible-resources",
                            "storage_data_disk.#": "0",
                            "storage_image_reference.#": "1",
                            "storage_image_reference.1458860473.id": "",
                            "storage_image_reference.1458860473.offer": "UbuntuServer",
                            "storage_image_reference.1458860473.publisher": "Canonical",
                            "storage_image_reference.1458860473.sku": "16.04-LTS",
                            "storage_image_reference.1458860473.version": "latest",
                            "storage_os_disk.#": "1",
                            "storage_os_disk.0.caching": "ReadWrite",
                            "storage_os_disk.0.create_option": "FromImage",
                            "storage_os_disk.0.disk_size_gb": "30",
                            "storage_os_disk.0.image_uri": "",
                            "storage_os_disk.0.managed_disk_id": "/subscriptions/05ec1026-b7a2-4fdf-8bfc-0c93d5ba7db6/resourceGroups/ansible-resources/providers/Microsoft.Compute/disks/myosdisk001093",
                            "storage_os_disk.0.managed_disk_type": "Standard_LRS",
                            "storage_os_disk.0.name": "myosdisk001093",
                            "storage_os_disk.0.os_type": "Linux",
                            "storage_os_disk.0.vhd_uri": "",
                            "storage_os_disk.0.write_accelerator_enabled": "false",
                            "tags.%": "1",
                            "tags.environment": "dev",
                            "vm_size": "Standard_DS1_v2",
                            "zones.#": "0"
                        },
                        "meta": {},
                        "tainted": false
                    },
                    "deposed": [],
                    "provider": "provider.azurerm"
                },
                "azurerm_virtual_network.main": {
                    "type": "azurerm_virtual_network",
                    "depends_on": [
                        "azurerm_resource_group.main"
                    ],
                    "primary": {
                        "id": "/subscriptions/05ec1026-b7a2-4fdf-8bfc-0c93d5ba7db6/resourceGroups/ansible-resources/providers/Microsoft.Network/virtualNetworks/ansible-network",
                        "attributes": {
                            "address_space.#": "1",
                            "address_space.0": "10.0.0.0/16",
                            "ddos_protection_plan.#": "0",
                            "dns_servers.#": "0",
                            "id": "/subscriptions/05ec1026-b7a2-4fdf-8bfc-0c93d5ba7db6/resourceGroups/ansible-resources/providers/Microsoft.Network/virtualNetworks/ansible-network",
                            "location": "westus2",
                            "name": "ansible-network",
                            "resource_group_name": "ansible-resources",
                            "subnet.#": "0",
                            "tags.%": "0"
                        },
                        "meta": {},
                        "tainted": false
                    },
                    "deposed": [],
                    "provider": "provider.azurerm"
                }
            },
            "depends_on": []
        }
    ]
}
